
Microsoft Visual Studio Solution File, Format Version 12.00
# Visual Studio Version 16
VisualStudioVersion = 16.0.32126.315
MinimumVisualStudioVersion = 10.0.40219.1
Project("{8BC9CEB8-8B4A-11D0-8D11-00A0C91BC942}") = "Day1", "Day1\Day1.vcxproj", "{7F29331E-0325-43D9-9BA2-F5F6CC52B38B}"
EndProject
Project("{8BC9CEB8-8B4A-11D0-8D11-00A0C91BC942}") = "Day1Part2", "Day1Part2\Day1Part2.vcxproj", "{14F1FA3D-ABB1-429F-8E45-8E4CB247806F}"
EndProject
Project("{8BC9CEB8-8B4A-11D0-8D11-00A0C91BC942}") = "Day2", "Day2\Day2.vcxproj", "{08B33F0D-CBBB-4E43-A92D-CD2608C7079A}"
EndProject
Project("{8BC9CEB8-8B4A-11D0-8D11-00A0C91BC942}") = "Day2Part2", "Day2Part2\Day2Part2.vcxproj", "{8464B47D-B7E3-485B-BA2D-766DDBCF8F4E}"
EndProject
Project("{8BC9CEB8-8B4A-11D0-8D11-00A0C91BC942}") = "Day3", "Day3\Day3.vcxproj", "{619A1742-A0CD-46F8-8BE0-2CF9BEB7AFBD}"
EndProject
Project("{8BC9CEB8-8B4A-11D0-8D11-00A0C91BC942}") = "Day3Part2", "Day3Part2\Day3Part2.vcxproj", "{9B65F3E8-656E-48B4-A673-E3D93D5930AC}"
EndProject
Project("{8BC9CEB8-8B4A-11D0-8D11-00A0C91BC942}") = "Day4", "Day4\Day4.vcxproj", "{A9F839A4-B486-44EC-BB98-867D00DDD918}"
EndProject
Project("{8BC9CEB8-8B4A-11D0-8D11-00A0C91BC942}") = "Day4Part2", "Day4Part2\Day4Part2.vcxproj", "{0185184F-77AA-4CD9-BD72-10A36BAED990}"
EndProject
Project("{8BC9CEB8-8B4A-11D0-8D11-00A0C91BC942}") = "Day5", "Day5\Day5.vcxproj", "{B4F51CB9-1E6A-4AEA-AF19-EE7153E47AE1}"
EndProject
Project("{8BC9CEB8-8B4A-11D0-8D11-00A0C91BC942}") = "Day5Part2", "Day5Part2\Day5Part2.vcxproj", "{BC9C1360-9DEB-4BBC-BD4D-B8E79DBA1FE2}"
EndProject
Project("{8BC9CEB8-8B4A-11D0-8D11-00A0C91BC942}") = "Day6", "Day6\Day6.vcxproj", "{571DD1EE-DB0F-4E85-B360-4D5D194F4A27}"
EndProject
Project("{8BC9CEB8-8B4A-11D0-8D11-00A0C91BC942}") = "Day6Part2", "Day6Part2\Day6Part2.vcxproj", "{2A792A4C-606D-4A76-B565-D156380EC898}"
EndProject
Project("{8BC9CEB8-8B4A-11D0-8D11-00A0C91BC942}") = "Day7", "Day7\Day7.vcxproj", "{E62DB1CD-7E24-404A-A4C8-26CBD5D0341E}"
EndProject
Project("{8BC9CEB8-8B4A-11D0-8D11-00A0C91BC942}") = "Day7Part2", "Day7Part2\Day7Part2.vcxproj", "{EED68432-32A6-4BE3-8B3C-19B1748C80F4}"
EndProject
Project("{8BC9CEB8-8B4A-11D0-8D11-00A0C91BC942}") = "Day8", "Day8\Day8.vcxproj", "{FBB93F56-8B81-4B3E-805C-8BC8A31704E0}"
EndProject
Project("{8BC9CEB8-8B4A-11D0-8D11-00A0C91BC942}") = "Day8Part2", "Day8Part2\Day8Part2.vcxproj", "{9129D5E6-9FAC-44ED-9BB4-0E5FFA79A313}"
EndProject
Project("{8BC9CEB8-8B4A-11D0-8D11-00A0C91BC942}") = "Day9", "Day9\Day9.vcxproj", "{8F18CFAF-5426-461B-BA74-7C2F56782B48}"
EndProject
Project("{8BC9CEB8-8B4A-11D0-8D11-00A0C91BC942}") = "Day9Part2", "Day9Part2\Day9Part2.vcxproj", "{720FF766-36F0-475D-B7DF-1F390D898A94}"
EndProject
Project("{8BC9CEB8-8B4A-11D0-8D11-00A0C91BC942}") = "Day10", "Day10\Day10.vcxproj", "{95FD7282-34EE-45A3-A162-46847B8D8960}"
EndProject
Project("{2150E333-8FDC-42A3-9474-1A3956D46DE8}") = "Days 1-9", "Days 1-9", "{5D2CF8B3-9192-4ED1-BD2F-88410A78C8A1}"
EndProject
Project("{2150E333-8FDC-42A3-9474-1A3956D46DE8}") = "Days 10-19", "Days 10-19", "{D9C21E19-87E2-467C-8812-605334C28DA3}"
EndProject
Project("{8BC9CEB8-8B4A-11D0-8D11-00A0C91BC942}") = "Day10Part2", "Day10Part2\Day10Part2.vcxproj", "{E09BE545-E273-490E-9851-B9FFF2F01253}"
EndProject
Project("{8BC9CEB8-8B4A-11D0-8D11-00A0C91BC942}") = "Day11", "Day11\Day11.vcxproj", "{27260636-11FD-462E-A196-32F2C5B99558}"
EndProject
Project("{8BC9CEB8-8B4A-11D0-8D11-00A0C91BC942}") = "Day11Part2", "Day11Part2\Day11Part2.vcxproj", "{8DED4DFF-57A2-4EB2-84C8-0E96E2BFBDE6}"
EndProject
Global
	GlobalSection(SolutionConfigurationPlatforms) = preSolution
		Debug|x64 = Debug|x64
		Debug|x86 = Debug|x86
		Release|x64 = Release|x64
		Release|x86 = Release|x86
	EndGlobalSection
	GlobalSection(ProjectConfigurationPlatforms) = postSolution
		{7F29331E-0325-43D9-9BA2-F5F6CC52B38B}.Debug|x64.ActiveCfg = Debug|x64
		{7F29331E-0325-43D9-9BA2-F5F6CC52B38B}.Debug|x64.Build.0 = Debug|x64
		{7F29331E-0325-43D9-9BA2-F5F6CC52B38B}.Debug|x86.ActiveCfg = Debug|Win32
		{7F29331E-0325-43D9-9BA2-F5F6CC52B38B}.Debug|x86.Build.0 = Debug|Win32
		{7F29331E-0325-43D9-9BA2-F5F6CC52B38B}.Release|x64.ActiveCfg = Release|x64
		{7F29331E-0325-43D9-9BA2-F5F6CC52B38B}.Release|x64.Build.0 = Release|x64
		{7F29331E-0325-43D9-9BA2-F5F6CC52B38B}.Release|x86.ActiveCfg = Release|Win32
		{7F29331E-0325-43D9-9BA2-F5F6CC52B38B}.Release|x86.Build.0 = Release|Win32
		{14F1FA3D-ABB1-429F-8E45-8E4CB247806F}.Debug|x64.ActiveCfg = Debug|x64
		{14F1FA3D-ABB1-429F-8E45-8E4CB247806F}.Debug|x64.Build.0 = Debug|x64
		{14F1FA3D-ABB1-429F-8E45-8E4CB247806F}.Debug|x86.ActiveCfg = Debug|Win32
		{14F1FA3D-ABB1-429F-8E45-8E4CB247806F}.Debug|x86.Build.0 = Debug|Win32
		{14F1FA3D-ABB1-429F-8E45-8E4CB247806F}.Release|x64.ActiveCfg = Release|x64
		{14F1FA3D-ABB1-429F-8E45-8E4CB247806F}.Release|x64.Build.0 = Release|x64
		{14F1FA3D-ABB1-429F-8E45-8E4CB247806F}.Release|x86.ActiveCfg = Release|Win32
		{14F1FA3D-ABB1-429F-8E45-8E4CB247806F}.Release|x86.Build.0 = Release|Win32
		{08B33F0D-CBBB-4E43-A92D-CD2608C7079A}.Debug|x64.ActiveCfg = Debug|x64
		{08B33F0D-CBBB-4E43-A92D-CD2608C7079A}.Debug|x64.Build.0 = Debug|x64
		{08B33F0D-CBBB-4E43-A92D-CD2608C7079A}.Debug|x86.ActiveCfg = Debug|Win32
		{08B33F0D-CBBB-4E43-A92D-CD2608C7079A}.Debug|x86.Build.0 = Debug|Win32
		{08B33F0D-CBBB-4E43-A92D-CD2608C7079A}.Release|x64.ActiveCfg = Release|x64
		{08B33F0D-CBBB-4E43-A92D-CD2608C7079A}.Release|x64.Build.0 = Release|x64
		{08B33F0D-CBBB-4E43-A92D-CD2608C7079A}.Release|x86.ActiveCfg = Release|Win32
		{08B33F0D-CBBB-4E43-A92D-CD2608C7079A}.Release|x86.Build.0 = Release|Win32
		{8464B47D-B7E3-485B-BA2D-766DDBCF8F4E}.Debug|x64.ActiveCfg = Debug|x64
		{8464B47D-B7E3-485B-BA2D-766DDBCF8F4E}.Debug|x64.Build.0 = Debug|x64
		{8464B47D-B7E3-485B-BA2D-766DDBCF8F4E}.Debug|x86.ActiveCfg = Debug|Win32
		{8464B47D-B7E3-485B-BA2D-766DDBCF8F4E}.Debug|x86.Build.0 = Debug|Win32
		{8464B47D-B7E3-485B-BA2D-766DDBCF8F4E}.Release|x64.ActiveCfg = Release|x64
		{8464B47D-B7E3-485B-BA2D-766DDBCF8F4E}.Release|x64.Build.0 = Release|x64
		{8464B47D-B7E3-485B-BA2D-766DDBCF8F4E}.Release|x86.ActiveCfg = Release|Win32
		{8464B47D-B7E3-485B-BA2D-766DDBCF8F4E}.Release|x86.Build.0 = Release|Win32
		{619A1742-A0CD-46F8-8BE0-2CF9BEB7AFBD}.Debug|x64.ActiveCfg = Debug|x64
		{619A1742-A0CD-46F8-8BE0-2CF9BEB7AFBD}.Debug|x64.Build.0 = Debug|x64
		{619A1742-A0CD-46F8-8BE0-2CF9BEB7AFBD}.Debug|x86.ActiveCfg = Debug|Win32
		{619A1742-A0CD-46F8-8BE0-2CF9BEB7AFBD}.Debug|x86.Build.0 = Debug|Win32
		{619A1742-A0CD-46F8-8BE0-2CF9BEB7AFBD}.Release|x64.ActiveCfg = Release|x64
		{619A1742-A0CD-46F8-8BE0-2CF9BEB7AFBD}.Release|x64.Build.0 = Release|x64
		{619A1742-A0CD-46F8-8BE0-2CF9BEB7AFBD}.Release|x86.ActiveCfg = Release|Win32
		{619A1742-A0CD-46F8-8BE0-2CF9BEB7AFBD}.Release|x86.Build.0 = Release|Win32
		{9B65F3E8-656E-48B4-A673-E3D93D5930AC}.Debug|x64.ActiveCfg = Debug|x64
		{9B65F3E8-656E-48B4-A673-E3D93D5930AC}.Debug|x64.Build.0 = Debug|x64
		{9B65F3E8-656E-48B4-A673-E3D93D5930AC}.Debug|x86.ActiveCfg = Debug|Win32
		{9B65F3E8-656E-48B4-A673-E3D93D5930AC}.Debug|x86.Build.0 = Debug|Win32
		{9B65F3E8-656E-48B4-A673-E3D93D5930AC}.Release|x64.ActiveCfg = Release|x64
		{9B65F3E8-656E-48B4-A673-E3D93D5930AC}.Release|x64.Build.0 = Release|x64
		{9B65F3E8-656E-48B4-A673-E3D93D5930AC}.Release|x86.ActiveCfg = Release|Win32
		{9B65F3E8-656E-48B4-A673-E3D93D5930AC}.Release|x86.Build.0 = Release|Win32
		{A9F839A4-B486-44EC-BB98-867D00DDD918}.Debug|x64.ActiveCfg = Debug|x64
		{A9F839A4-B486-44EC-BB98-867D00DDD918}.Debug|x64.Build.0 = Debug|x64
		{A9F839A4-B486-44EC-BB98-867D00DDD918}.Debug|x86.ActiveCfg = Debug|Win32
		{A9F839A4-B486-44EC-BB98-867D00DDD918}.Debug|x86.Build.0 = Debug|Win32
		{A9F839A4-B486-44EC-BB98-867D00DDD918}.Release|x64.ActiveCfg = Release|x64
		{A9F839A4-B486-44EC-BB98-867D00DDD918}.Release|x64.Build.0 = Release|x64
		{A9F839A4-B486-44EC-BB98-867D00DDD918}.Release|x86.ActiveCfg = Release|Win32
		{A9F839A4-B486-44EC-BB98-867D00DDD918}.Release|x86.Build.0 = Release|Win32
		{0185184F-77AA-4CD9-BD72-10A36BAED990}.Debug|x64.ActiveCfg = Debug|x64
		{0185184F-77AA-4CD9-BD72-10A36BAED990}.Debug|x64.Build.0 = Debug|x64
		{0185184F-77AA-4CD9-BD72-10A36BAED990}.Debug|x86.ActiveCfg = Debug|Win32
		{0185184F-77AA-4CD9-BD72-10A36BAED990}.Debug|x86.Build.0 = Debug|Win32
		{0185184F-77AA-4CD9-BD72-10A36BAED990}.Release|x64.ActiveCfg = Release|x64
		{0185184F-77AA-4CD9-BD72-10A36BAED990}.Release|x64.Build.0 = Release|x64
		{0185184F-77AA-4CD9-BD72-10A36BAED990}.Release|x86.ActiveCfg = Release|Win32
		{0185184F-77AA-4CD9-BD72-10A36BAED990}.Release|x86.Build.0 = Release|Win32
		{B4F51CB9-1E6A-4AEA-AF19-EE7153E47AE1}.Debug|x64.ActiveCfg = Debug|x64
		{B4F51CB9-1E6A-4AEA-AF19-EE7153E47AE1}.Debug|x64.Build.0 = Debug|x64
		{B4F51CB9-1E6A-4AEA-AF19-EE7153E47AE1}.Debug|x86.ActiveCfg = Debug|Win32
		{B4F51CB9-1E6A-4AEA-AF19-EE7153E47AE1}.Debug|x86.Build.0 = Debug|Win32
		{B4F51CB9-1E6A-4AEA-AF19-EE7153E47AE1}.Release|x64.ActiveCfg = Release|x64
		{B4F51CB9-1E6A-4AEA-AF19-EE7153E47AE1}.Release|x64.Build.0 = Release|x64
		{B4F51CB9-1E6A-4AEA-AF19-EE7153E47AE1}.Release|x86.ActiveCfg = Release|Win32
		{B4F51CB9-1E6A-4AEA-AF19-EE7153E47AE1}.Release|x86.Build.0 = Release|Win32
		{BC9C1360-9DEB-4BBC-BD4D-B8E79DBA1FE2}.Debug|x64.ActiveCfg = Debug|x64
		{BC9C1360-9DEB-4BBC-BD4D-B8E79DBA1FE2}.Debug|x64.Build.0 = Debug|x64
		{BC9C1360-9DEB-4BBC-BD4D-B8E79DBA1FE2}.Debug|x86.ActiveCfg = Debug|Win32
		{BC9C1360-9DEB-4BBC-BD4D-B8E79DBA1FE2}.Debug|x86.Build.0 = Debug|Win32
		{BC9C1360-9DEB-4BBC-BD4D-B8E79DBA1FE2}.Release|x64.ActiveCfg = Release|x64
		{BC9C1360-9DEB-4BBC-BD4D-B8E79DBA1FE2}.Release|x64.Build.0 = Release|x64
		{BC9C1360-9DEB-4BBC-BD4D-B8E79DBA1FE2}.Release|x86.ActiveCfg = Release|Win32
		{BC9C1360-9DEB-4BBC-BD4D-B8E79DBA1FE2}.Release|x86.Build.0 = Release|Win32
		{571DD1EE-DB0F-4E85-B360-4D5D194F4A27}.Debug|x64.ActiveCfg = Debug|x64
		{571DD1EE-DB0F-4E85-B360-4D5D194F4A27}.Debug|x64.Build.0 = Debug|x64
		{571DD1EE-DB0F-4E85-B360-4D5D194F4A27}.Debug|x86.ActiveCfg = Debug|Win32
		{571DD1EE-DB0F-4E85-B360-4D5D194F4A27}.Debug|x86.Build.0 = Debug|Win32
		{571DD1EE-DB0F-4E85-B360-4D5D194F4A27}.Release|x64.ActiveCfg = Release|x64
		{571DD1EE-DB0F-4E85-B360-4D5D194F4A27}.Release|x64.Build.0 = Release|x64
		{571DD1EE-DB0F-4E85-B360-4D5D194F4A27}.Release|x86.ActiveCfg = Release|Win32
		{571DD1EE-DB0F-4E85-B360-4D5D194F4A27}.Release|x86.Build.0 = Release|Win32
		{2A792A4C-606D-4A76-B565-D156380EC898}.Debug|x64.ActiveCfg = Debug|x64
		{2A792A4C-606D-4A76-B565-D156380EC898}.Debug|x64.Build.0 = Debug|x64
		{2A792A4C-606D-4A76-B565-D156380EC898}.Debug|x86.ActiveCfg = Debug|Win32
		{2A792A4C-606D-4A76-B565-D156380EC898}.Debug|x86.Build.0 = Debug|Win32
		{2A792A4C-606D-4A76-B565-D156380EC898}.Release|x64.ActiveCfg = Release|x64
		{2A792A4C-606D-4A76-B565-D156380EC898}.Release|x64.Build.0 = Release|x64
		{2A792A4C-606D-4A76-B565-D156380EC898}.Release|x86.ActiveCfg = Release|Win32
		{2A792A4C-606D-4A76-B565-D156380EC898}.Release|x86.Build.0 = Release|Win32
		{E62DB1CD-7E24-404A-A4C8-26CBD5D0341E}.Debug|x64.ActiveCfg = Debug|x64
		{E62DB1CD-7E24-404A-A4C8-26CBD5D0341E}.Debug|x64.Build.0 = Debug|x64
		{E62DB1CD-7E24-404A-A4C8-26CBD5D0341E}.Debug|x86.ActiveCfg = Debug|Win32
		{E62DB1CD-7E24-404A-A4C8-26CBD5D0341E}.Debug|x86.Build.0 = Debug|Win32
		{E62DB1CD-7E24-404A-A4C8-26CBD5D0341E}.Release|x64.ActiveCfg = Release|x64
		{E62DB1CD-7E24-404A-A4C8-26CBD5D0341E}.Release|x64.Build.0 = Release|x64
		{E62DB1CD-7E24-404A-A4C8-26CBD5D0341E}.Release|x86.ActiveCfg = Release|Win32
		{E62DB1CD-7E24-404A-A4C8-26CBD5D0341E}.Release|x86.Build.0 = Release|Win32
		{EED68432-32A6-4BE3-8B3C-19B1748C80F4}.Debug|x64.ActiveCfg = Debug|x64
		{EED68432-32A6-4BE3-8B3C-19B1748C80F4}.Debug|x64.Build.0 = Debug|x64
		{EED68432-32A6-4BE3-8B3C-19B1748C80F4}.Debug|x86.ActiveCfg = Debug|Win32
		{EED68432-32A6-4BE3-8B3C-19B1748C80F4}.Debug|x86.Build.0 = Debug|Win32
		{EED68432-32A6-4BE3-8B3C-19B1748C80F4}.Release|x64.ActiveCfg = Release|x64
		{EED68432-32A6-4BE3-8B3C-19B1748C80F4}.Release|x64.Build.0 = Release|x64
		{EED68432-32A6-4BE3-8B3C-19B1748C80F4}.Release|x86.ActiveCfg = Release|Win32
		{EED68432-32A6-4BE3-8B3C-19B1748C80F4}.Release|x86.Build.0 = Release|Win32
		{FBB93F56-8B81-4B3E-805C-8BC8A31704E0}.Debug|x64.ActiveCfg = Debug|x64
		{FBB93F56-8B81-4B3E-805C-8BC8A31704E0}.Debug|x64.Build.0 = Debug|x64
		{FBB93F56-8B81-4B3E-805C-8BC8A31704E0}.Debug|x86.ActiveCfg = Debug|Win32
		{FBB93F56-8B81-4B3E-805C-8BC8A31704E0}.Debug|x86.Build.0 = Debug|Win32
		{FBB93F56-8B81-4B3E-805C-8BC8A31704E0}.Release|x64.ActiveCfg = Release|x64
		{FBB93F56-8B81-4B3E-805C-8BC8A31704E0}.Release|x64.Build.0 = Release|x64
		{FBB93F56-8B81-4B3E-805C-8BC8A31704E0}.Release|x86.ActiveCfg = Release|Win32
		{FBB93F56-8B81-4B3E-805C-8BC8A31704E0}.Release|x86.Build.0 = Release|Win32
		{9129D5E6-9FAC-44ED-9BB4-0E5FFA79A313}.Debug|x64.ActiveCfg = Debug|x64
		{9129D5E6-9FAC-44ED-9BB4-0E5FFA79A313}.Debug|x64.Build.0 = Debug|x64
		{9129D5E6-9FAC-44ED-9BB4-0E5FFA79A313}.Debug|x86.ActiveCfg = Debug|Win32
		{9129D5E6-9FAC-44ED-9BB4-0E5FFA79A313}.Debug|x86.Build.0 = Debug|Win32
		{9129D5E6-9FAC-44ED-9BB4-0E5FFA79A313}.Release|x64.ActiveCfg = Release|x64
		{9129D5E6-9FAC-44ED-9BB4-0E5FFA79A313}.Release|x64.Build.0 = Release|x64
		{9129D5E6-9FAC-44ED-9BB4-0E5FFA79A313}.Release|x86.ActiveCfg = Release|Win32
		{9129D5E6-9FAC-44ED-9BB4-0E5FFA79A313}.Release|x86.Build.0 = Release|Win32
		{8F18CFAF-5426-461B-BA74-7C2F56782B48}.Debug|x64.ActiveCfg = Debug|x64
		{8F18CFAF-5426-461B-BA74-7C2F56782B48}.Debug|x64.Build.0 = Debug|x64
		{8F18CFAF-5426-461B-BA74-7C2F56782B48}.Debug|x86.ActiveCfg = Debug|Win32
		{8F18CFAF-5426-461B-BA74-7C2F56782B48}.Debug|x86.Build.0 = Debug|Win32
		{8F18CFAF-5426-461B-BA74-7C2F56782B48}.Release|x64.ActiveCfg = Release|x64
		{8F18CFAF-5426-461B-BA74-7C2F56782B48}.Release|x64.Build.0 = Release|x64
		{8F18CFAF-5426-461B-BA74-7C2F56782B48}.Release|x86.ActiveCfg = Release|Win32
		{8F18CFAF-5426-461B-BA74-7C2F56782B48}.Release|x86.Build.0 = Release|Win32
		{720FF766-36F0-475D-B7DF-1F390D898A94}.Debug|x64.ActiveCfg = Debug|x64
		{720FF766-36F0-475D-B7DF-1F390D898A94}.Debug|x64.Build.0 = Debug|x64
		{720FF766-36F0-475D-B7DF-1F390D898A94}.Debug|x86.ActiveCfg = Debug|Win32
		{720FF766-36F0-475D-B7DF-1F390D898A94}.Debug|x86.Build.0 = Debug|Win32
		{720FF766-36F0-475D-B7DF-1F390D898A94}.Release|x64.ActiveCfg = Release|x64
		{720FF766-36F0-475D-B7DF-1F390D898A94}.Release|x64.Build.0 = Release|x64
		{720FF766-36F0-475D-B7DF-1F390D898A94}.Release|x86.ActiveCfg = Release|Win32
		{720FF766-36F0-475D-B7DF-1F390D898A94}.Release|x86.Build.0 = Release|Win32
		{95FD7282-34EE-45A3-A162-46847B8D8960}.Debug|x64.ActiveCfg = Debug|x64
		{95FD7282-34EE-45A3-A162-46847B8D8960}.Debug|x64.Build.0 = Debug|x64
		{95FD7282-34EE-45A3-A162-46847B8D8960}.Debug|x86.ActiveCfg = Debug|Win32
		{95FD7282-34EE-45A3-A162-46847B8D8960}.Debug|x86.Build.0 = Debug|Win32
		{95FD7282-34EE-45A3-A162-46847B8D8960}.Release|x64.ActiveCfg = Release|x64
		{95FD7282-34EE-45A3-A162-46847B8D8960}.Release|x64.Build.0 = Release|x64
		{95FD7282-34EE-45A3-A162-46847B8D8960}.Release|x86.ActiveCfg = Release|Win32
		{95FD7282-34EE-45A3-A162-46847B8D8960}.Release|x86.Build.0 = Release|Win32
		{E09BE545-E273-490E-9851-B9FFF2F01253}.Debug|x64.ActiveCfg = Debug|x64
		{E09BE545-E273-490E-9851-B9FFF2F01253}.Debug|x64.Build.0 = Debug|x64
		{E09BE545-E273-490E-9851-B9FFF2F01253}.Debug|x86.ActiveCfg = Debug|Win32
		{E09BE545-E273-490E-9851-B9FFF2F01253}.Debug|x86.Build.0 = Debug|Win32
		{E09BE545-E273-490E-9851-B9FFF2F01253}.Release|x64.ActiveCfg = Release|x64
		{E09BE545-E273-490E-9851-B9FFF2F01253}.Release|x64.Build.0 = Release|x64
		{E09BE545-E273-490E-9851-B9FFF2F01253}.Release|x86.ActiveCfg = Release|Win32
		{E09BE545-E273-490E-9851-B9FFF2F01253}.Release|x86.Build.0 = Release|Win32
		{27260636-11FD-462E-A196-32F2C5B99558}.Debug|x64.ActiveCfg = Debug|x64
		{27260636-11FD-462E-A196-32F2C5B99558}.Debug|x64.Build.0 = Debug|x64
		{27260636-11FD-462E-A196-32F2C5B99558}.Debug|x86.ActiveCfg = Debug|Win32
		{27260636-11FD-462E-A196-32F2C5B99558}.Debug|x86.Build.0 = Debug|Win32
		{27260636-11FD-462E-A196-32F2C5B99558}.Release|x64.ActiveCfg = Release|x64
		{27260636-11FD-462E-A196-32F2C5B99558}.Release|x64.Build.0 = Release|x64
		{27260636-11FD-462E-A196-32F2C5B99558}.Release|x86.ActiveCfg = Release|Win32
		{27260636-11FD-462E-A196-32F2C5B99558}.Release|x86.Build.0 = Release|Win32
		{8DED4DFF-57A2-4EB2-84C8-0E96E2BFBDE6}.Debug|x64.ActiveCfg = Debug|x64
		{8DED4DFF-57A2-4EB2-84C8-0E96E2BFBDE6}.Debug|x64.Build.0 = Debug|x64
		{8DED4DFF-57A2-4EB2-84C8-0E96E2BFBDE6}.Debug|x86.ActiveCfg = Debug|Win32
		{8DED4DFF-57A2-4EB2-84C8-0E96E2BFBDE6}.Debug|x86.Build.0 = Debug|Win32
		{8DED4DFF-57A2-4EB2-84C8-0E96E2BFBDE6}.Release|x64.ActiveCfg = Release|x64
		{8DED4DFF-57A2-4EB2-84C8-0E96E2BFBDE6}.Release|x64.Build.0 = Release|x64
		{8DED4DFF-57A2-4EB2-84C8-0E96E2BFBDE6}.Release|x86.ActiveCfg = Release|Win32
		{8DED4DFF-57A2-4EB2-84C8-0E96E2BFBDE6}.Release|x86.Build.0 = Release|Win32
	EndGlobalSection
	GlobalSection(SolutionProperties) = preSolution
		HideSolutionNode = FALSE
	EndGlobalSection
	GlobalSection(NestedProjects) = preSolution
		{7F29331E-0325-43D9-9BA2-F5F6CC52B38B} = {5D2CF8B3-9192-4ED1-BD2F-88410A78C8A1}
		{14F1FA3D-ABB1-429F-8E45-8E4CB247806F} = {5D2CF8B3-9192-4ED1-BD2F-88410A78C8A1}
		{08B33F0D-CBBB-4E43-A92D-CD2608C7079A} = {5D2CF8B3-9192-4ED1-BD2F-88410A78C8A1}
		{8464B47D-B7E3-485B-BA2D-766DDBCF8F4E} = {5D2CF8B3-9192-4ED1-BD2F-88410A78C8A1}
		{619A1742-A0CD-46F8-8BE0-2CF9BEB7AFBD} = {5D2CF8B3-9192-4ED1-BD2F-88410A78C8A1}
		{9B65F3E8-656E-48B4-A673-E3D93D5930AC} = {5D2CF8B3-9192-4ED1-BD2F-88410A78C8A1}
		{A9F839A4-B486-44EC-BB98-867D00DDD918} = {5D2CF8B3-9192-4ED1-BD2F-88410A78C8A1}
		{0185184F-77AA-4CD9-BD72-10A36BAED990} = {5D2CF8B3-9192-4ED1-BD2F-88410A78C8A1}
		{B4F51CB9-1E6A-4AEA-AF19-EE7153E47AE1} = {5D2CF8B3-9192-4ED1-BD2F-88410A78C8A1}
		{BC9C1360-9DEB-4BBC-BD4D-B8E79DBA1FE2} = {5D2CF8B3-9192-4ED1-BD2F-88410A78C8A1}
		{571DD1EE-DB0F-4E85-B360-4D5D194F4A27} = {5D2CF8B3-9192-4ED1-BD2F-88410A78C8A1}
		{2A792A4C-606D-4A76-B565-D156380EC898} = {5D2CF8B3-9192-4ED1-BD2F-88410A78C8A1}
		{E62DB1CD-7E24-404A-A4C8-26CBD5D0341E} = {5D2CF8B3-9192-4ED1-BD2F-88410A78C8A1}
		{EED68432-32A6-4BE3-8B3C-19B1748C80F4} = {5D2CF8B3-9192-4ED1-BD2F-88410A78C8A1}
		{FBB93F56-8B81-4B3E-805C-8BC8A31704E0} = {5D2CF8B3-9192-4ED1-BD2F-88410A78C8A1}
		{9129D5E6-9FAC-44ED-9BB4-0E5FFA79A313} = {5D2CF8B3-9192-4ED1-BD2F-88410A78C8A1}
		{8F18CFAF-5426-461B-BA74-7C2F56782B48} = {5D2CF8B3-9192-4ED1-BD2F-88410A78C8A1}
		{720FF766-36F0-475D-B7DF-1F390D898A94} = {5D2CF8B3-9192-4ED1-BD2F-88410A78C8A1}
		{95FD7282-34EE-45A3-A162-46847B8D8960} = {D9C21E19-87E2-467C-8812-605334C28DA3}
		{E09BE545-E273-490E-9851-B9FFF2F01253} = {D9C21E19-87E2-467C-8812-605334C28DA3}
		{27260636-11FD-462E-A196-32F2C5B99558} = {D9C21E19-87E2-467C-8812-605334C28DA3}
		{8DED4DFF-57A2-4EB2-84C8-0E96E2BFBDE6} = {D9C21E19-87E2-467C-8812-605334C28DA3}
	EndGlobalSection
	GlobalSection(ExtensibilityGlobals) = postSolution
		SolutionGuid = {9DB57069-2D18-4731-AAF5-155D5D660EAC}
	EndGlobalSection
EndGlobal
